
Microsoft Visual Studio Solution File, Format Version 12.00
# Visual Studio Version 16
VisualStudioVersion = 16.0.29409.12
MinimumVisualStudioVersion = 10.0.40219.1
Project("{9A19103F-16F7-4668-BE54-9A1E7A4F7556}") = "eMobile-Wandio_MVC", "eMobile-Wandio_MVC\eMobile-Wandio_MVC.csproj", "{6F9C4E9C-49D2-4828-93E2-97F7FD125812}"
EndProject
Project("{9A19103F-16F7-4668-BE54-9A1E7A4F7556}") = "Domain", "Domain\Domain.csproj", "{DED6BE55-CB13-4A50-915E-02D6835A23C2}"
EndProject
Project("{9A19103F-16F7-4668-BE54-9A1E7A4F7556}") = "Repository", "Repository\Repository.csproj", "{727ABB7F-3830-4022-AC0E-595C4800A733}"
EndProject
Project("{FAE04EC0-301F-11D3-BF4B-00C04F79EFBC}") = "Service", "Service\Service.csproj", "{210EEA6B-464D-41A1-9BE5-7146E14777D8}"
EndProject
Global
	GlobalSection(SolutionConfigurationPlatforms) = preSolution
		Debug|Any CPU = Debug|Any CPU
		Release|Any CPU = Release|Any CPU
	EndGlobalSection
	GlobalSection(ProjectConfigurationPlatforms) = postSolution
		{6F9C4E9C-49D2-4828-93E2-97F7FD125812}.Debug|Any CPU.ActiveCfg = Debug|Any CPU
		{6F9C4E9C-49D2-4828-93E2-97F7FD125812}.Debug|Any CPU.Build.0 = Debug|Any CPU
		{6F9C4E9C-49D2-4828-93E2-97F7FD125812}.Release|Any CPU.ActiveCfg = Release|Any CPU
		{6F9C4E9C-49D2-4828-93E2-97F7FD125812}.Release|Any CPU.Build.0 = Release|Any CPU
		{DED6BE55-CB13-4A50-915E-02D6835A23C2}.Debug|Any CPU.ActiveCfg = Debug|Any CPU
		{DED6BE55-CB13-4A50-915E-02D6835A23C2}.Debug|Any CPU.Build.0 = Debug|Any CPU
		{DED6BE55-CB13-4A50-915E-02D6835A23C2}.Release|Any CPU.ActiveCfg = Release|Any CPU
		{DED6BE55-CB13-4A50-915E-02D6835A23C2}.Release|Any CPU.Build.0 = Release|Any CPU
		{727ABB7F-3830-4022-AC0E-595C4800A733}.Debug|Any CPU.ActiveCfg = Debug|Any CPU
		{727ABB7F-3830-4022-AC0E-595C4800A733}.Debug|Any CPU.Build.0 = Debug|Any CPU
		{727ABB7F-3830-4022-AC0E-595C4800A733}.Release|Any CPU.ActiveCfg = Release|Any CPU
		{727ABB7F-3830-4022-AC0E-595C4800A733}.Release|Any CPU.Build.0 = Release|Any CPU
		{210EEA6B-464D-41A1-9BE5-7146E14777D8}.Debug|Any CPU.ActiveCfg = Debug|Any CPU
		{210EEA6B-464D-41A1-9BE5-7146E14777D8}.Debug|Any CPU.Build.0 = Debug|Any CPU
		{210EEA6B-464D-41A1-9BE5-7146E14777D8}.Release|Any CPU.ActiveCfg = Release|Any CPU
		{210EEA6B-464D-41A1-9BE5-7146E14777D8}.Release|Any CPU.Build.0 = Release|Any CPU
	EndGlobalSection
	GlobalSection(SolutionProperties) = preSolution
		HideSolutionNode = FALSE
	EndGlobalSection
	GlobalSection(ExtensibilityGlobals) = postSolution
		SolutionGuid = {0CE2A02E-EA4B-451B-90F1-DBC8C80E4BB9}
	EndGlobalSection
EndGlobal
